// !$*UTF8*$!
{
	archiveVersion = 1;
	classes = {
	};
	objectVersion = 50;
	objects = {

/* Begin PBXBuildFile section */
		2C4F693A91D387B62436E33D /* Pods_Network_Workshop_1Tests.framework in Frameworks */ = {isa = PBXBuildFile; fileRef = 53D0BAC0F49EFA231A6BD6BB /* Pods_Network_Workshop_1Tests.framework */; };
		447753D32170F4FB00534B35 /* AppDelegate.swift in Sources */ = {isa = PBXBuildFile; fileRef = 447753D22170F4FB00534B35 /* AppDelegate.swift */; };
		447753D52170F4FB00534B35 /* ViewController.swift in Sources */ = {isa = PBXBuildFile; fileRef = 447753D42170F4FB00534B35 /* ViewController.swift */; };
		447753D82170F4FB00534B35 /* Main.storyboard in Resources */ = {isa = PBXBuildFile; fileRef = 447753D62170F4FB00534B35 /* Main.storyboard */; };
		447753DB2170F4FB00534B35 /* Network_Workshop_1.xcdatamodeld in Sources */ = {isa = PBXBuildFile; fileRef = 447753D92170F4FB00534B35 /* Network_Workshop_1.xcdatamodeld */; };
		447753DD2170F4FC00534B35 /* Assets.xcassets in Resources */ = {isa = PBXBuildFile; fileRef = 447753DC2170F4FC00534B35 /* Assets.xcassets */; };
		447753E02170F4FC00534B35 /* LaunchScreen.storyboard in Resources */ = {isa = PBXBuildFile; fileRef = 447753DE2170F4FC00534B35 /* LaunchScreen.storyboard */; };
		447753EB2170F4FC00534B35 /* Network_Workshop_1Tests.swift in Sources */ = {isa = PBXBuildFile; fileRef = 447753EA2170F4FC00534B35 /* Network_Workshop_1Tests.swift */; };
		447753F62170F4FC00534B35 /* Network_Workshop_1UITests.swift in Sources */ = {isa = PBXBuildFile; fileRef = 447753F52170F4FC00534B35 /* Network_Workshop_1UITests.swift */; };
		447754042170F5FD00534B35 /* Network.swift in Sources */ = {isa = PBXBuildFile; fileRef = 447754032170F5FD00534B35 /* Network.swift */; };
		447754062170F73700534B35 /* timeLine_Model.swift in Sources */ = {isa = PBXBuildFile; fileRef = 447754052170F73700534B35 /* timeLine_Model.swift */; };
		447754082170F98600534B35 /* myCell.swift in Sources */ = {isa = PBXBuildFile; fileRef = 447754072170F98600534B35 /* myCell.swift */; };
		9B86F7FD5E9EE632538A6C63 /* Pods_Network_Workshop_1UITests.framework in Frameworks */ = {isa = PBXBuildFile; fileRef = E7D0B0E50AE145345F851628 /* Pods_Network_Workshop_1UITests.framework */; };
		9CEF95B712C1563407EF866E /* Pods_Network_Workshop_1.framework in Frameworks */ = {isa = PBXBuildFile; fileRef = 81B793A3A376F898C0C3A72B /* Pods_Network_Workshop_1.framework */; };
/* End PBXBuildFile section */

/* Begin PBXContainerItemProxy section */
		447753E72170F4FC00534B35 /* PBXContainerItemProxy */ = {
			isa = PBXContainerItemProxy;
			containerPortal = 447753C72170F4FB00534B35 /* Project object */;
			proxyType = 1;
			remoteGlobalIDString = 447753CE2170F4FB00534B35;
			remoteInfo = "Network_Workshop#1";
		};
		447753F22170F4FC00534B35 /* PBXContainerItemProxy */ = {
			isa = PBXContainerItemProxy;
			containerPortal = 447753C72170F4FB00534B35 /* Project object */;
			proxyType = 1;
			remoteGlobalIDString = 447753CE2170F4FB00534B35;
			remoteInfo = "Network_Workshop#1";
		};
/* End PBXContainerItemProxy section */

/* Begin PBXFileReference section */
		447753CF2170F4FB00534B35 /* Network_Workshop#1.app */ = {isa = PBXFileReference; explicitFileType = wrapper.application; includeInIndex = 0; path = "Network_Workshop#1.app"; sourceTree = BUILT_PRODUCTS_DIR; };
		447753D22170F4FB00534B35 /* AppDelegate.swift */ = {isa = PBXFileReference; lastKnownFileType = sourcecode.swift; path = AppDelegate.swift; sourceTree = "<group>"; };
		447753D42170F4FB00534B35 /* ViewController.swift */ = {isa = PBXFileReference; lastKnownFileType = sourcecode.swift; path = ViewController.swift; sourceTree = "<group>"; };
		447753D72170F4FB00534B35 /* Base */ = {isa = PBXFileReference; lastKnownFileType = file.storyboard; name = Base; path = Base.lproj/Main.storyboard; sourceTree = "<group>"; };
		447753DA2170F4FB00534B35 /* Network_Workshop_1.xcdatamodel */ = {isa = PBXFileReference; lastKnownFileType = wrapper.xcdatamodel; path = Network_Workshop_1.xcdatamodel; sourceTree = "<group>"; };
		447753DC2170F4FC00534B35 /* Assets.xcassets */ = {isa = PBXFileReference; lastKnownFileType = folder.assetcatalog; path = Assets.xcassets; sourceTree = "<group>"; };
		447753DF2170F4FC00534B35 /* Base */ = {isa = PBXFileReference; lastKnownFileType = file.storyboard; name = Base; path = Base.lproj/LaunchScreen.storyboard; sourceTree = "<group>"; };
		447753E12170F4FC00534B35 /* Info.plist */ = {isa = PBXFileReference; lastKnownFileType = text.plist.xml; path = Info.plist; sourceTree = "<group>"; };
		447753E62170F4FC00534B35 /* Network_Workshop#1Tests.xctest */ = {isa = PBXFileReference; explicitFileType = wrapper.cfbundle; includeInIndex = 0; path = "Network_Workshop#1Tests.xctest"; sourceTree = BUILT_PRODUCTS_DIR; };
		447753EA2170F4FC00534B35 /* Network_Workshop_1Tests.swift */ = {isa = PBXFileReference; lastKnownFileType = sourcecode.swift; path = Network_Workshop_1Tests.swift; sourceTree = "<group>"; };
		447753EC2170F4FC00534B35 /* Info.plist */ = {isa = PBXFileReference; lastKnownFileType = text.plist.xml; path = Info.plist; sourceTree = "<group>"; };
		447753F12170F4FC00534B35 /* Network_Workshop#1UITests.xctest */ = {isa = PBXFileReference; explicitFileType = wrapper.cfbundle; includeInIndex = 0; path = "Network_Workshop#1UITests.xctest"; sourceTree = BUILT_PRODUCTS_DIR; };
		447753F52170F4FC00534B35 /* Network_Workshop_1UITests.swift */ = {isa = PBXFileReference; lastKnownFileType = sourcecode.swift; path = Network_Workshop_1UITests.swift; sourceTree = "<group>"; };
		447753F72170F4FC00534B35 /* Info.plist */ = {isa = PBXFileReference; lastKnownFileType = text.plist.xml; path = Info.plist; sourceTree = "<group>"; };
		447754032170F5FD00534B35 /* Network.swift */ = {isa = PBXFileReference; lastKnownFileType = sourcecode.swift; path = Network.swift; sourceTree = "<group>"; };
		447754052170F73700534B35 /* timeLine_Model.swift */ = {isa = PBXFileReference; lastKnownFileType = sourcecode.swift; path = timeLine_Model.swift; sourceTree = "<group>"; };
		447754072170F98600534B35 /* myCell.swift */ = {isa = PBXFileReference; lastKnownFileType = sourcecode.swift; path = myCell.swift; sourceTree = "<group>"; };
		53D0BAC0F49EFA231A6BD6BB /* Pods_Network_Workshop_1Tests.framework */ = {isa = PBXFileReference; explicitFileType = wrapper.framework; includeInIndex = 0; path = Pods_Network_Workshop_1Tests.framework; sourceTree = BUILT_PRODUCTS_DIR; };
		81B793A3A376F898C0C3A72B /* Pods_Network_Workshop_1.framework */ = {isa = PBXFileReference; explicitFileType = wrapper.framework; includeInIndex = 0; path = Pods_Network_Workshop_1.framework; sourceTree = BUILT_PRODUCTS_DIR; };
		8455EDC9E27C7E8E9A2650F6 /* Pods-Network_Workshop#1.release.xcconfig */ = {isa = PBXFileReference; includeInIndex = 1; lastKnownFileType = text.xcconfig; name = "Pods-Network_Workshop#1.release.xcconfig"; path = "Pods/Target Support Files/Pods-Network_Workshop#1/Pods-Network_Workshop#1.release.xcconfig"; sourceTree = "<group>"; };
		9C35A2A28E8876B336CF392B /* Pods-Network_Workshop#1Tests.release.xcconfig */ = {isa = PBXFileReference; includeInIndex = 1; lastKnownFileType = text.xcconfig; name = "Pods-Network_Workshop#1Tests.release.xcconfig"; path = "Pods/Target Support Files/Pods-Network_Workshop#1Tests/Pods-Network_Workshop#1Tests.release.xcconfig"; sourceTree = "<group>"; };
		BEBAB45EE476EB74E57C9613 /* Pods-Network_Workshop#1UITests.debug.xcconfig */ = {isa = PBXFileReference; includeInIndex = 1; lastKnownFileType = text.xcconfig; name = "Pods-Network_Workshop#1UITests.debug.xcconfig"; path = "Pods/Target Support Files/Pods-Network_Workshop#1UITests/Pods-Network_Workshop#1UITests.debug.xcconfig"; sourceTree = "<group>"; };
		C0A91B4E62151F71A76EBA57 /* Pods-Network_Workshop#1UITests.release.xcconfig */ = {isa = PBXFileReference; includeInIndex = 1; lastKnownFileType = text.xcconfig; name = "Pods-Network_Workshop#1UITests.release.xcconfig"; path = "Pods/Target Support Files/Pods-Network_Workshop#1UITests/Pods-Network_Workshop#1UITests.release.xcconfig"; sourceTree = "<group>"; };
		D89B64F399C27B07D1397DB9 /* Pods-Network_Workshop#1.debug.xcconfig */ = {isa = PBXFileReference; includeInIndex = 1; lastKnownFileType = text.xcconfig; name = "Pods-Network_Workshop#1.debug.xcconfig"; path = "Pods/Target Support Files/Pods-Network_Workshop#1/Pods-Network_Workshop#1.debug.xcconfig"; sourceTree = "<group>"; };
		E7D0B0E50AE145345F851628 /* Pods_Network_Workshop_1UITests.framework */ = {isa = PBXFileReference; explicitFileType = wrapper.framework; includeInIndex = 0; path = Pods_Network_Workshop_1UITests.framework; sourceTree = BUILT_PRODUCTS_DIR; };
		E9A6F392FD1D3EBEE79CF09C /* Pods-Network_Workshop#1Tests.debug.xcconfig */ = {isa = PBXFileReference; includeInIndex = 1; lastKnownFileType = text.xcconfig; name = "Pods-Network_Workshop#1Tests.debug.xcconfig"; path = "Pods/Target Support Files/Pods-Network_Workshop#1Tests/Pods-Network_Workshop#1Tests.debug.xcconfig"; sourceTree = "<group>"; };
/* End PBXFileReference section */

/* Begin PBXFrameworksBuildPhase section */
		447753CC2170F4FB00534B35 /* Frameworks */ = {
			isa = PBXFrameworksBuildPhase;
			buildActionMask = 2147483647;
			files = (
				9CEF95B712C1563407EF866E /* Pods_Network_Workshop_1.framework in Frameworks */,
			);
			runOnlyForDeploymentPostprocessing = 0;
		};
		447753E32170F4FC00534B35 /* Frameworks */ = {
			isa = PBXFrameworksBuildPhase;
			buildActionMask = 2147483647;
			files = (
				2C4F693A91D387B62436E33D /* Pods_Network_Workshop_1Tests.framework in Frameworks */,
			);
			runOnlyForDeploymentPostprocessing = 0;
		};
		447753EE2170F4FC00534B35 /* Frameworks */ = {
			isa = PBXFrameworksBuildPhase;
			buildActionMask = 2147483647;
			files = (
				9B86F7FD5E9EE632538A6C63 /* Pods_Network_Workshop_1UITests.framework in Frameworks */,
			);
			runOnlyForDeploymentPostprocessing = 0;
		};
/* End PBXFrameworksBuildPhase section */

/* Begin PBXGroup section */
		447753C62170F4FB00534B35 = {
			isa = PBXGroup;
			children = (
				447753D12170F4FB00534B35 /* Network_Workshop#1 */,
				447753E92170F4FC00534B35 /* Network_Workshop#1Tests */,
				447753F42170F4FC00534B35 /* Network_Workshop#1UITests */,
				447753D02170F4FB00534B35 /* Products */,
				97B0B615729FBB2695319BAF /* Pods */,
				DA0FE4ACC6C2D7B9B41B2DB0 /* Frameworks */,
			);
			sourceTree = "<group>";
		};
		447753D02170F4FB00534B35 /* Products */ = {
			isa = PBXGroup;
			children = (
				447753CF2170F4FB00534B35 /* Network_Workshop#1.app */,
				447753E62170F4FC00534B35 /* Network_Workshop#1Tests.xctest */,
				447753F12170F4FC00534B35 /* Network_Workshop#1UITests.xctest */,
			);
			name = Products;
			sourceTree = "<group>";
		};
		447753D12170F4FB00534B35 /* Network_Workshop#1 */ = {
			isa = PBXGroup;
			children = (
				447753D22170F4FB00534B35 /* AppDelegate.swift */,
				447753D42170F4FB00534B35 /* ViewController.swift */,
				447753D62170F4FB00534B35 /* Main.storyboard */,
				447753DC2170F4FC00534B35 /* Assets.xcassets */,
				447753DE2170F4FC00534B35 /* LaunchScreen.storyboard */,
				447753E12170F4FC00534B35 /* Info.plist */,
				447753D92170F4FB00534B35 /* Network_Workshop_1.xcdatamodeld */,
				447754032170F5FD00534B35 /* Network.swift */,
				447754052170F73700534B35 /* timeLine_Model.swift */,
				447754072170F98600534B35 /* myCell.swift */,
			);
			path = "Network_Workshop#1";
			sourceTree = "<group>";
		};
		447753E92170F4FC00534B35 /* Network_Workshop#1Tests */ = {
			isa = PBXGroup;
			children = (
				447753EA2170F4FC00534B35 /* Network_Workshop_1Tests.swift */,
				447753EC2170F4FC00534B35 /* Info.plist */,
			);
			path = "Network_Workshop#1Tests";
			sourceTree = "<group>";
		};
		447753F42170F4FC00534B35 /* Network_Workshop#1UITests */ = {
			isa = PBXGroup;
			children = (
				447753F52170F4FC00534B35 /* Network_Workshop_1UITests.swift */,
				447753F72170F4FC00534B35 /* Info.plist */,
			);
			path = "Network_Workshop#1UITests";
			sourceTree = "<group>";
		};
		97B0B615729FBB2695319BAF /* Pods */ = {
			isa = PBXGroup;
			children = (
				D89B64F399C27B07D1397DB9 /* Pods-Network_Workshop#1.debug.xcconfig */,
				8455EDC9E27C7E8E9A2650F6 /* Pods-Network_Workshop#1.release.xcconfig */,
				E9A6F392FD1D3EBEE79CF09C /* Pods-Network_Workshop#1Tests.debug.xcconfig */,
				9C35A2A28E8876B336CF392B /* Pods-Network_Workshop#1Tests.release.xcconfig */,
				BEBAB45EE476EB74E57C9613 /* Pods-Network_Workshop#1UITests.debug.xcconfig */,
				C0A91B4E62151F71A76EBA57 /* Pods-Network_Workshop#1UITests.release.xcconfig */,
			);
			name = Pods;
			sourceTree = "<group>";
		};
		DA0FE4ACC6C2D7B9B41B2DB0 /* Frameworks */ = {
			isa = PBXGroup;
			children = (
				81B793A3A376F898C0C3A72B /* Pods_Network_Workshop_1.framework */,
				53D0BAC0F49EFA231A6BD6BB /* Pods_Network_Workshop_1Tests.framework */,
				E7D0B0E50AE145345F851628 /* Pods_Network_Workshop_1UITests.framework */,
			);
			name = Frameworks;
			sourceTree = "<group>";
		};
/* End PBXGroup section */

/* Begin PBXNativeTarget section */
		447753CE2170F4FB00534B35 /* Network_Workshop#1 */ = {
			isa = PBXNativeTarget;
			buildConfigurationList = 447753FA2170F4FC00534B35 /* Build configuration list for PBXNativeTarget "Network_Workshop#1" */;
			buildPhases = (
				EEDCEA25513E16597DA63F18 /* [CP] Check Pods Manifest.lock */,
				447753CB2170F4FB00534B35 /* Sources */,
				447753CC2170F4FB00534B35 /* Frameworks */,
				447753CD2170F4FB00534B35 /* Resources */,
				AA9BC76B6FF57178CF4EF38A /* [CP] Embed Pods Frameworks */,
			);
			buildRules = (
			);
			dependencies = (
			);
			name = "Network_Workshop#1";
			productName = "Network_Workshop#1";
			productReference = 447753CF2170F4FB00534B35 /* Network_Workshop#1.app */;
			productType = "com.apple.product-type.application";
		};
		447753E52170F4FC00534B35 /* Network_Workshop#1Tests */ = {
			isa = PBXNativeTarget;
			buildConfigurationList = 447753FD2170F4FC00534B35 /* Build configuration list for PBXNativeTarget "Network_Workshop#1Tests" */;
			buildPhases = (
				1F47FE342E92A1DC690CC417 /* [CP] Check Pods Manifest.lock */,
				447753E22170F4FC00534B35 /* Sources */,
				447753E32170F4FC00534B35 /* Frameworks */,
				447753E42170F4FC00534B35 /* Resources */,
			);
			buildRules = (
			);
			dependencies = (
				447753E82170F4FC00534B35 /* PBXTargetDependency */,
			);
			name = "Network_Workshop#1Tests";
			productName = "Network_Workshop#1Tests";
			productReference = 447753E62170F4FC00534B35 /* Network_Workshop#1Tests.xctest */;
			productType = "com.apple.product-type.bundle.unit-test";
		};
		447753F02170F4FC00534B35 /* Network_Workshop#1UITests */ = {
			isa = PBXNativeTarget;
			buildConfigurationList = 447754002170F4FC00534B35 /* Build configuration list for PBXNativeTarget "Network_Workshop#1UITests" */;
			buildPhases = (
				77CDE7791BD5D8DBA16DEFC5 /* [CP] Check Pods Manifest.lock */,
				447753ED2170F4FC00534B35 /* Sources */,
				447753EE2170F4FC00534B35 /* Frameworks */,
				447753EF2170F4FC00534B35 /* Resources */,
			);
			buildRules = (
			);
			dependencies = (
				447753F32170F4FC00534B35 /* PBXTargetDependency */,
			);
			name = "Network_Workshop#1UITests";
			productName = "Network_Workshop#1UITests";
			productReference = 447753F12170F4FC00534B35 /* Network_Workshop#1UITests.xctest */;
			productType = "com.apple.product-type.bundle.ui-testing";
		};
/* End PBXNativeTarget section */

/* Begin PBXProject section */
		447753C72170F4FB00534B35 /* Project object */ = {
			isa = PBXProject;
			attributes = {
				LastSwiftUpdateCheck = 0940;
				LastUpgradeCheck = 0940;
				ORGANIZATIONNAME = Amr;
				TargetAttributes = {
					447753CE2170F4FB00534B35 = {
						CreatedOnToolsVersion = 9.4.1;
					};
					447753E52170F4FC00534B35 = {
						CreatedOnToolsVersion = 9.4.1;
						TestTargetID = 447753CE2170F4FB00534B35;
					};
					447753F02170F4FC00534B35 = {
						CreatedOnToolsVersion = 9.4.1;
						TestTargetID = 447753CE2170F4FB00534B35;
					};
				};
			};
			buildConfigurationList = 447753CA2170F4FB00534B35 /* Build configuration list for PBXProject "Network_Workshop#1" */;
			compatibilityVersion = "Xcode 9.3";
			developmentRegion = en;
			hasScannedForEncodings = 0;
			knownRegions = (
				en,
				Base,
			);
			mainGroup = 447753C62170F4FB00534B35;
			productRefGroup = 447753D02170F4FB00534B35 /* Products */;
			projectDirPath = "";
			projectRoot = "";
			targets = (
				447753CE2170F4FB00534B35 /* Network_Workshop#1 */,
				447753E52170F4FC00534B35 /* Network_Workshop#1Tests */,
				447753F02170F4FC00534B35 /* Network_Workshop#1UITests */,
			);
		};
/* End PBXProject section */

/* Begin PBXResourcesBuildPhase section */
		447753CD2170F4FB00534B35 /* Resources */ = {
			isa = PBXResourcesBuildPhase;
			buildActionMask = 2147483647;
			files = (
				447753E02170F4FC00534B35 /* LaunchScreen.storyboard in Resources */,
				447753DD2170F4FC00534B35 /* Assets.xcassets in Resources */,
				447753D82170F4FB00534B35 /* Main.storyboard in Resources */,
			);
			runOnlyForDeploymentPostprocessing = 0;
		};
		447753E42170F4FC00534B35 /* Resources */ = {
			isa = PBXResourcesBuildPhase;
			buildActionMask = 2147483647;
			files = (
			);
			runOnlyForDeploymentPostprocessing = 0;
		};
		447753EF2170F4FC00534B35 /* Resources */ = {
			isa = PBXResourcesBuildPhase;
			buildActionMask = 2147483647;
			files = (
			);
			runOnlyForDeploymentPostprocessing = 0;
		};
/* End PBXResourcesBuildPhase section */

/* Begin PBXShellScriptBuildPhase section */
		1F47FE342E92A1DC690CC417 /* [CP] Check Pods Manifest.lock */ = {
			isa = PBXShellScriptBuildPhase;
			buildActionMask = 2147483647;
			files = (
			);
			inputPaths = (
				"${PODS_PODFILE_DIR_PATH}/Podfile.lock",
				"${PODS_ROOT}/Manifest.lock",
			);
			name = "[CP] Check Pods Manifest.lock";
			outputPaths = (
				"$(DERIVED_FILE_DIR)/Pods-Network_Workshop#1Tests-checkManifestLockResult.txt",
			);
			runOnlyForDeploymentPostprocessing = 0;
			shellPath = /bin/sh;
			shellScript = "diff \"${PODS_PODFILE_DIR_PATH}/Podfile.lock\" \"${PODS_ROOT}/Manifest.lock\" > /dev/null\nif [ $? != 0 ] ; then\n    # print error to STDERR\n    echo \"error: The sandbox is not in sync with the Podfile.lock. Run 'pod install' or update your CocoaPods installation.\" >&2\n    exit 1\nfi\n# This output is used by Xcode 'outputs' to avoid re-running this script phase.\necho \"SUCCESS\" > \"${SCRIPT_OUTPUT_FILE_0}\"\n";
			showEnvVarsInLog = 0;
		};
		77CDE7791BD5D8DBA16DEFC5 /* [CP] Check Pods Manifest.lock */ = {
			isa = PBXShellScriptBuildPhase;
			buildActionMask = 2147483647;
			files = (
			);
			inputPaths = (
				"${PODS_PODFILE_DIR_PATH}/Podfile.lock",
				"${PODS_ROOT}/Manifest.lock",
			);
			name = "[CP] Check Pods Manifest.lock";
			outputPaths = (
				"$(DERIVED_FILE_DIR)/Pods-Network_Workshop#1UITests-checkManifestLockResult.txt",
			);
			runOnlyForDeploymentPostprocessing = 0;
			shellPath = /bin/sh;
			shellScript = "diff \"${PODS_PODFILE_DIR_PATH}/Podfile.lock\" \"${PODS_ROOT}/Manifest.lock\" > /dev/null\nif [ $? != 0 ] ; then\n    # print error to STDERR\n    echo \"error: The sandbox is not in sync with the Podfile.lock. Run 'pod install' or update your CocoaPods installation.\" >&2\n    exit 1\nfi\n# This output is used by Xcode 'outputs' to avoid re-running this script phase.\necho \"SUCCESS\" > \"${SCRIPT_OUTPUT_FILE_0}\"\n";
			showEnvVarsInLog = 0;
		};
		AA9BC76B6FF57178CF4EF38A /* [CP] Embed Pods Frameworks */ = {
			isa = PBXShellScriptBuildPhase;
			buildActionMask = 2147483647;
			files = (
			);
			inputPaths = (
				"${SRCROOT}/Pods/Target Support Files/Pods-Network_Workshop#1/Pods-Network_Workshop#1-frameworks.sh",
				"${BUILT_PRODUCTS_DIR}/Alamofire/Alamofire.framework",
			);
			name = "[CP] Embed Pods Frameworks";
			outputPaths = (
				"${TARGET_BUILD_DIR}/${FRAMEWORKS_FOLDER_PATH}/Alamofire.framework",
			);
			runOnlyForDeploymentPostprocessing = 0;
			shellPath = /bin/sh;
			shellScript = "\"${SRCROOT}/Pods/Target Support Files/Pods-Network_Workshop#1/Pods-Network_Workshop#1-frameworks.sh\"\n";
			showEnvVarsInLog = 0;
		};
		EEDCEA25513E16597DA63F18 /* [CP] Check Pods Manifest.lock */ = {
			isa = PBXShellScriptBuildPhase;
			buildActionMask = 2147483647;
			files = (
			);
			inputPaths = (
				"${PODS_PODFILE_DIR_PATH}/Podfile.lock",
				"${PODS_ROOT}/Manifest.lock",
			);
			name = "[CP] Check Pods Manifest.lock";
			outputPaths = (
				"$(DERIVED_FILE_DIR)/Pods-Network_Workshop#1-checkManifestLockResult.txt",
			);
			runOnlyForDeploymentPostprocessing = 0;
			shellPath = /bin/sh;
			shellScript = "diff \"${PODS_PODFILE_DIR_PATH}/Podfile.lock\" \"${PODS_ROOT}/Manifest.lock\" > /dev/null\nif [ $? != 0 ] ; then\n    # print error to STDERR\n    echo \"error: The sandbox is not in sync with the Podfile.lock. Run 'pod install' or update your CocoaPods installation.\" >&2\n    exit 1\nfi\n# This output is used by Xcode 'outputs' to avoid re-running this script phase.\necho \"SUCCESS\" > \"${SCRIPT_OUTPUT_FILE_0}\"\n";
			showEnvVarsInLog = 0;
		};
/* End PBXShellScriptBuildPhase section */

/* Begin PBXSourcesBuildPhase section */
		447753CB2170F4FB00534B35 /* Sources */ = {
			isa = PBXSourcesBuildPhase;
			buildActionMask = 2147483647;
			files = (
				447753D52170F4FB00534B35 /* ViewController.swift in Sources */,
				447754082170F98600534B35 /* myCell.swift in Sources */,
				447753DB2170F4FB00534B35 /* Network_Workshop_1.xcdatamodeld in Sources */,
				447754042170F5FD00534B35 /* Network.swift in Sources */,
				447754062170F73700534B35 /* timeLine_Model.swift in Sources */,
				447753D32170F4FB00534B35 /* AppDelegate.swift in Sources */,
			);
			runOnlyForDeploymentPostprocessing = 0;
		};
		447753E22170F4FC00534B35 /* Sources */ = {
			isa = PBXSourcesBuildPhase;
			buildActionMask = 2147483647;
			files = (
				447753EB2170F4FC00534B35 /* Network_Workshop_1Tests.swift in Sources */,
			);
			runOnlyForDeploymentPostprocessing = 0;
		};
		447753ED2170F4FC00534B35 /* Sources */ = {
			isa = PBXSourcesBuildPhase;
			buildActionMask = 2147483647;
			files = (
				447753F62170F4FC00534B35 /* Network_Workshop_1UITests.swift in Sources */,
			);
			runOnlyForDeploymentPostprocessing = 0;
		};
/* End PBXSourcesBuildPhase section */

/* Begin PBXTargetDependency section */
		447753E82170F4FC00534B35 /* PBXTargetDependency */ = {
			isa = PBXTargetDependency;
			target = 447753CE2170F4FB00534B35 /* Network_Workshop#1 */;
			targetProxy = 447753E72170F4FC00534B35 /* PBXContainerItemProxy */;
		};
		447753F32170F4FC00534B35 /* PBXTargetDependency */ = {
			isa = PBXTargetDependency;
			target = 447753CE2170F4FB00534B35 /* Network_Workshop#1 */;
			targetProxy = 447753F22170F4FC00534B35 /* PBXContainerItemProxy */;
		};
/* End PBXTargetDependency section */

/* Begin PBXVariantGroup section */
		447753D62170F4FB00534B35 /* Main.storyboard */ = {
			isa = PBXVariantGroup;
			children = (
				447753D72170F4FB00534B35 /* Base */,
			);
			name = Main.storyboard;
			sourceTree = "<group>";
		};
		447753DE2170F4FC00534B35 /* LaunchScreen.storyboard */ = {
			isa = PBXVariantGroup;
			children = (
				447753DF2170F4FC00534B35 /* Base */,
			);
			name = LaunchScreen.storyboard;
			sourceTree = "<group>";
		};
/* End PBXVariantGroup section */

/* Begin XCBuildConfiguration section */
		447753F82170F4FC00534B35 /* Debug */ = {
			isa = XCBuildConfiguration;
			buildSettings = {
				ALWAYS_SEARCH_USER_PATHS = NO;
				CLANG_ANALYZER_NONNULL = YES;
				CLANG_ANALYZER_NUMBER_OBJECT_CONVERSION = YES_AGGRESSIVE;
				CLANG_CXX_LANGUAGE_STANDARD = "gnu++14";
				CLANG_CXX_LIBRARY = "libc++";
				CLANG_ENABLE_MODULES = YES;
				CLANG_ENABLE_OBJC_ARC = YES;
				CLANG_ENABLE_OBJC_WEAK = YES;
				CLANG_WARN_BLOCK_CAPTURE_AUTORELEASING = YES;
				CLANG_WARN_BOOL_CONVERSION = YES;
				CLANG_WARN_COMMA = YES;
				CLANG_WARN_CONSTANT_CONVERSION = YES;
				CLANG_WARN_DEPRECATED_OBJC_IMPLEMENTATIONS = YES;
				CLANG_WARN_DIRECT_OBJC_ISA_USAGE = YES_ERROR;
				CLANG_WARN_DOCUMENTATION_COMMENTS = YES;
				CLANG_WARN_EMPTY_BODY = YES;
				CLANG_WARN_ENUM_CONVERSION = YES;
				CLANG_WARN_INFINITE_RECURSION = YES;
				CLANG_WARN_INT_CONVERSION = YES;
				CLANG_WARN_NON_LITERAL_NULL_CONVERSION = YES;
				CLANG_WARN_OBJC_IMPLICIT_RETAIN_SELF = YES;
				CLANG_WARN_OBJC_LITERAL_CONVERSION = YES;
				CLANG_WARN_OBJC_ROOT_CLASS = YES_ERROR;
				CLANG_WARN_RANGE_LOOP_ANALYSIS = YES;
				CLANG_WARN_STRICT_PROTOTYPES = YES;
				CLANG_WARN_SUSPICIOUS_MOVE = YES;
				CLANG_WARN_UNGUARDED_AVAILABILITY = YES_AGGRESSIVE;
				CLANG_WARN_UNREACHABLE_CODE = YES;
				CLANG_WARN__DUPLICATE_METHOD_MATCH = YES;
				CODE_SIGN_IDENTITY = "iPhone Developer";
				COPY_PHASE_STRIP = NO;
				DEBUG_INFORMATION_FORMAT = dwarf;
				ENABLE_STRICT_OBJC_MSGSEND = YES;
				ENABLE_TESTABILITY = YES;
				GCC_C_LANGUAGE_STANDARD = gnu11;
				GCC_DYNAMIC_NO_PIC = NO;
				GCC_NO_COMMON_BLOCKS = YES;
				GCC_OPTIMIZATION_LEVEL = 0;
				GCC_PREPROCESSOR_DEFINITIONS = (
					"DEBUG=1",
					"$(inherited)",
				);
				GCC_WARN_64_TO_32_BIT_CONVERSION = YES;
				GCC_WARN_ABOUT_RETURN_TYPE = YES_ERROR;
				GCC_WARN_UNDECLARED_SELECTOR = YES;
				GCC_WARN_UNINITIALIZED_AUTOS = YES_AGGRESSIVE;
				GCC_WARN_UNUSED_FUNCTION = YES;
				GCC_WARN_UNUSED_VARIABLE = YES;
				IPHONEOS_DEPLOYMENT_TARGET = 11.4;
				MTL_ENABLE_DEBUG_INFO = YES;
				ONLY_ACTIVE_ARCH = YES;
				SDKROOT = iphoneos;
				SWIFT_ACTIVE_COMPILATION_CONDITIONS = DEBUG;
				SWIFT_OPTIMIZATION_LEVEL = "-Onone";
			};
			name = Debug;
		};
		447753F92170F4FC00534B35 /* Release */ = {
			isa = XCBuildConfiguration;
			buildSettings = {
				ALWAYS_SEARCH_USER_PATHS = NO;
				CLANG_ANALYZER_NONNULL = YES;
				CLANG_ANALYZER_NUMBER_OBJECT_CONVERSION = YES_AGGRESSIVE;
				CLANG_CXX_LANGUAGE_STANDARD = "gnu++14";
				CLANG_CXX_LIBRARY = "libc++";
				CLANG_ENABLE_MODULES = YES;
				CLANG_ENABLE_OBJC_ARC = YES;
				CLANG_ENABLE_OBJC_WEAK = YES;
				CLANG_WARN_BLOCK_CAPTURE_AUTORELEASING = YES;
				CLANG_WARN_BOOL_CONVERSION = YES;
				CLANG_WARN_COMMA = YES;
				CLANG_WARN_CONSTANT_CONVERSION = YES;
				CLANG_WARN_DEPRECATED_OBJC_IMPLEMENTATIONS = YES;
				CLANG_WARN_DIRECT_OBJC_ISA_USAGE = YES_ERROR;
				CLANG_WARN_DOCUMENTATION_COMMENTS = YES;
				CLANG_WARN_EMPTY_BODY = YES;
				CLANG_WARN_ENUM_CONVERSION = YES;
				CLANG_WARN_INFINITE_RECURSION = YES;
				CLANG_WARN_INT_CONVERSION = YES;
				CLANG_WARN_NON_LITERAL_NULL_CONVERSION = YES;
				CLANG_WARN_OBJC_IMPLICIT_RETAIN_SELF = YES;
				CLANG_WARN_OBJC_LITERAL_CONVERSION = YES;
				CLANG_WARN_OBJC_ROOT_CLASS = YES_ERROR;
				CLANG_WARN_RANGE_LOOP_ANALYSIS = YES;
				CLANG_WARN_STRICT_PROTOTYPES = YES;
				CLANG_WARN_SUSPICIOUS_MOVE = YES;
				CLANG_WARN_UNGUARDED_AVAILABILITY = YES_AGGRESSIVE;
				CLANG_WARN_UNREACHABLE_CODE = YES;
				CLANG_WARN__DUPLICATE_METHOD_MATCH = YES;
				CODE_SIGN_IDENTITY = "iPhone Developer";
				COPY_PHASE_STRIP = NO;
				DEBUG_INFORMATION_FORMAT = "dwarf-with-dsym";
				ENABLE_NS_ASSERTIONS = NO;
				ENABLE_STRICT_OBJC_MSGSEND = YES;
				GCC_C_LANGUAGE_STANDARD = gnu11;
				GCC_NO_COMMON_BLOCKS = YES;
				GCC_WARN_64_TO_32_BIT_CONVERSION = YES;
				GCC_WARN_ABOUT_RETURN_TYPE = YES_ERROR;
				GCC_WARN_UNDECLARED_SELECTOR = YES;
				GCC_WARN_UNINITIALIZED_AUTOS = YES_AGGRESSIVE;
				GCC_WARN_UNUSED_FUNCTION = YES;
				GCC_WARN_UNUSED_VARIABLE = YES;
				IPHONEOS_DEPLOYMENT_TARGET = 11.4;
				MTL_ENABLE_DEBUG_INFO = NO;
				SDKROOT = iphoneos;
				SWIFT_COMPILATION_MODE = wholemodule;
				SWIFT_OPTIMIZATION_LEVEL = "-O";
				VALIDATE_PRODUCT = YES;
			};
			name = Release;
		};
		447753FB2170F4FC00534B35 /* Debug */ = {
			isa = XCBuildConfiguration;
			baseConfigurationReference = D89B64F399C27B07D1397DB9 /* Pods-Network_Workshop#1.debug.xcconfig */;
			buildSettings = {
				ASSETCATALOG_COMPILER_APPICON_NAME = AppIcon;
				CODE_SIGN_STYLE = Automatic;
				DEVELOPMENT_TEAM = 7AYGAZB269;
				INFOPLIST_FILE = "Network_Workshop#1/Info.plist";
				LD_RUNPATH_SEARCH_PATHS = (
					"$(inherited)",
					"@executable_path/Frameworks",
				);
				PRODUCT_BUNDLE_IDENTIFIER = "Amr.Network-Workshop-1";
				PRODUCT_NAME = "$(TARGET_NAME)";
				SWIFT_VERSION = 4.0;
				TARGETED_DEVICE_FAMILY = "1,2";
			};
			name = Debug;
		};
		447753FC2170F4FC00534B35 /* Release */ = {
			isa = XCBuildConfiguration;
			baseConfigurationReference = 8455EDC9E27C7E8E9A2650F6 /* Pods-Network_Workshop#1.release.xcconfig */;
			buildSettings = {
				ASSETCATALOG_COMPILER_APPICON_NAME = AppIcon;
				CODE_SIGN_STYLE = Automatic;
				DEVELOPMENT_TEAM = 7AYGAZB269;
				INFOPLIST_FILE = "Network_Workshop#1/Info.plist";
				LD_RUNPATH_SEARCH_PATHS = (
					"$(inherited)",
					"@executable_path/Frameworks",
				);
				PRODUCT_BUNDLE_IDENTIFIER = "Amr.Network-Workshop-1";
				PRODUCT_NAME = "$(TARGET_NAME)";
				SWIFT_VERSION = 4.0;
				TARGETED_DEVICE_FAMILY = "1,2";
			};
			name = Release;
		};
		447753FE2170F4FC00534B35 /* Debug */ = {
			isa = XCBuildConfiguration;
			baseConfigurationReference = E9A6F392FD1D3EBEE79CF09C /* Pods-Network_Workshop#1Tests.debug.xcconfig */;
			buildSettings = {
				ALWAYS_EMBED_SWIFT_STANDARD_LIBRARIES = YES;
				BUNDLE_LOADER = "$(TEST_HOST)";
				CODE_SIGN_STYLE = Automatic;
				DEVELOPMENT_TEAM = 7AYGAZB269;
				INFOPLIST_FILE = "Network_Workshop#1Tests/Info.plist";
				LD_RUNPATH_SEARCH_PATHS = (
					"$(inherited)",
					"@executable_path/Frameworks",
					"@loader_path/Frameworks",
				);
				PRODUCT_BUNDLE_IDENTIFIER = "Amr.Network-Workshop-1Tests";
				PRODUCT_NAME = "$(TARGET_NAME)";
				SWIFT_VERSION = 4.0;
				TARGETED_DEVICE_FAMILY = "1,2";
				TEST_HOST = "$(BUILT_PRODUCTS_DIR)/Network_Workshop#1.app/Network_Workshop#1";
			};
			name = Debug;
		};
		447753FF2170F4FC00534B35 /* Release */ = {
			isa = XCBuildConfiguration;
			baseConfigurationReference = 9C35A2A28E8876B336CF392B /* Pods-Network_Workshop#1Tests.release.xcconfig */;
			buildSettings = {
				ALWAYS_EMBED_SWIFT_STANDARD_LIBRARIES = YES;
				BUNDLE_LOADER = "$(TEST_HOST)";
				CODE_SIGN_STYLE = Automatic;
				DEVELOPMENT_TEAM = 7AYGAZB269;
				INFOPLIST_FILE = "Network_Workshop#1Tests/Info.plist";
				LD_RUNPATH_SEARCH_PATHS = (
					"$(inherited)",
					"@executable_path/Frameworks",
					"@loader_path/Frameworks",
				);
				PRODUCT_BUNDLE_IDENTIFIER = "Amr.Network-Workshop-1Tests";
				PRODUCT_NAME = "$(TARGET_NAME)";
				SWIFT_VERSION = 4.0;
				TARGETED_DEVICE_FAMILY = "1,2";
				TEST_HOST = "$(BUILT_PRODUCTS_DIR)/Network_Workshop#1.app/Network_Workshop#1";
			};
			name = Release;
		};
		447754012170F4FC00534B35 /* Debug */ = {
			isa = XCBuildConfiguration;
			baseConfigurationReference = BEBAB45EE476EB74E57C9613 /* Pods-Network_Workshop#1UITests.debug.xcconfig */;
			buildSettings = {
				ALWAYS_EMBED_SWIFT_STANDARD_LIBRARIES = YES;
				CODE_SIGN_STYLE = Automatic;
				DEVELOPMENT_TEAM = 7AYGAZB269;
				INFOPLIST_FILE = "Network_Workshop#1UITests/Info.plist";
				LD_RUNPATH_SEARCH_PATHS = (
					"$(inherited)",
					"@executable_path/Frameworks",
					"@loader_path/Frameworks",
				);
				PRODUCT_BUNDLE_IDENTIFIER = "Amr.Network-Workshop-1UITests";
				PRODUCT_NAME = "$(TARGET_NAME)";
				SWIFT_VERSION = 4.0;
				TARGETED_DEVICE_FAMILY = "1,2";
				TEST_TARGET_NAME = "Network_Workshop#1";
			};
			name = Debug;
		};
		447754022170F4FC00534B35 /* Release */ = {
			isa = XCBuildConfiguration;
			baseConfigurationReference = C0A91B4E62151F71A76EBA57 /* Pods-Network_Workshop#1UITests.release.xcconfig */;
			buildSettings = {
				ALWAYS_EMBED_SWIFT_STANDARD_LIBRARIES = YES;
				CODE_SIGN_STYLE = Automatic;
				DEVELOPMENT_TEAM = 7AYGAZB269;
				INFOPLIST_FILE = "Network_Workshop#1UITests/Info.plist";
				LD_RUNPATH_SEARCH_PATHS = (
					"$(inherited)",
					"@executable_path/Frameworks",
					"@loader_path/Frameworks",
				);
				PRODUCT_BUNDLE_IDENTIFIER = "Amr.Network-Workshop-1UITests";
				PRODUCT_NAME = "$(TARGET_NAME)";
				SWIFT_VERSION = 4.0;
				TARGETED_DEVICE_FAMILY = "1,2";
				TEST_TARGET_NAME = "Network_Workshop#1";
			};
			name = Release;
		};
/* End XCBuildConfiguration section */

/* Begin XCConfigurationList section */
		447753CA2170F4FB00534B35 /* Build configuration list for PBXProject "Network_Workshop#1" */ = {
			isa = XCConfigurationList;
			buildConfigurations = (
				447753F82170F4FC00534B35 /* Debug */,
				447753F92170F4FC00534B35 /* Release */,
			);
			defaultConfigurationIsVisible = 0;
			defaultConfigurationName = Release;
		};
		447753FA2170F4FC00534B35 /* Build configuration list for PBXNativeTarget "Network_Workshop#1" */ = {
			isa = XCConfigurationList;
			buildConfigurations = (
				447753FB2170F4FC00534B35 /* Debug */,
				447753FC2170F4FC00534B35 /* Release */,
			);
			defaultConfigurationIsVisible = 0;
			defaultConfigurationName = Release;
		};
		447753FD2170F4FC00534B35 /* Build configuration list for PBXNativeTarget "Network_Workshop#1Tests" */ = {
			isa = XCConfigurationList;
			buildConfigurations = (
				447753FE2170F4FC00534B35 /* Debug */,
				447753FF2170F4FC00534B35 /* Release */,
			);
			defaultConfigurationIsVisible = 0;
			defaultConfigurationName = Release;
		};
		447754002170F4FC00534B35 /* Build configuration list for PBXNativeTarget "Network_Workshop#1UITests" */ = {
			isa = XCConfigurationList;
			buildConfigurations = (
				447754012170F4FC00534B35 /* Debug */,
				447754022170F4FC00534B35 /* Release */,
			);
			defaultConfigurationIsVisible = 0;
			defaultConfigurationName = Release;
		};
/* End XCConfigurationList section */

/* Begin XCVersionGroup section */
		447753D92170F4FB00534B35 /* Network_Workshop_1.xcdatamodeld */ = {
			isa = XCVersionGroup;
			children = (
				447753DA2170F4FB00534B35 /* Network_Workshop_1.xcdatamodel */,
			);
			currentVersion = 447753DA2170F4FB00534B35 /* Network_Workshop_1.xcdatamodel */;
			path = Network_Workshop_1.xcdatamodeld;
			sourceTree = "<group>";
			versionGroupType = wrapper.xcdatamodel;
		};
/* End XCVersionGroup section */
	};
	rootObject = 447753C72170F4FB00534B35 /* Project object */;
}
